// !$*UTF8*$!
{
	archiveVersion = 1;
	classes = {
	};
	objectVersion = 50;
	objects = {

/* Begin PBXBuildFile section */
		97DAF3FF23DB4E4600F1BF1F /* AppDelegate.swift in Sources */ = {isa = PBXBuildFile; fileRef = 97DAF3FE23DB4E4600F1BF1F /* AppDelegate.swift */; };
		97DAF40123DB4E4600F1BF1F /* SceneDelegate.swift in Sources */ = {isa = PBXBuildFile; fileRef = 97DAF40023DB4E4600F1BF1F /* SceneDelegate.swift */; };
		97DAF40623DB4E4600F1BF1F /* Main.storyboard in Resources */ = {isa = PBXBuildFile; fileRef = 97DAF40423DB4E4600F1BF1F /* Main.storyboard */; };
		97DAF40823DB4E4700F1BF1F /* Assets.xcassets in Resources */ = {isa = PBXBuildFile; fileRef = 97DAF40723DB4E4700F1BF1F /* Assets.xcassets */; };
		97DAF40B23DB4E4700F1BF1F /* LaunchScreen.storyboard in Resources */ = {isa = PBXBuildFile; fileRef = 97DAF40923DB4E4700F1BF1F /* LaunchScreen.storyboard */; };
		97DAF41A23DB507400F1BF1F /* Movie.swift in Sources */ = {isa = PBXBuildFile; fileRef = 97DAF41923DB507400F1BF1F /* Movie.swift */; };
		97DAF41C23DB515100F1BF1F /* MovieController.swift in Sources */ = {isa = PBXBuildFile; fileRef = 97DAF41B23DB515100F1BF1F /* MovieController.swift */; };
		97DAF41E23DB520700F1BF1F /* NetworkError.swift in Sources */ = {isa = PBXBuildFile; fileRef = 97DAF41D23DB520700F1BF1F /* NetworkError.swift */; };
		97DAF42023DB58B100F1BF1F /* MovieTableViewController.swift in Sources */ = {isa = PBXBuildFile; fileRef = 97DAF41F23DB58B100F1BF1F /* MovieTableViewController.swift */; };
		97DAF42223DB5C7100F1BF1F /* MovieTableViewCell.swift in Sources */ = {isa = PBXBuildFile; fileRef = 97DAF42123DB5C7100F1BF1F /* MovieTableViewCell.swift */; };
		97DAF42523DB616500F1BF1F /* UIViewControllerExtension.swift in Sources */ = {isa = PBXBuildFile; fileRef = 97DAF42423DB616500F1BF1F /* UIViewControllerExtension.swift */; };
		97DAF45A23DCEE9200F1BF1F /* MovieDetailViewController.swift in Sources */ = {isa = PBXBuildFile; fileRef = 97DAF45923DCEE9200F1BF1F /* MovieDetailViewController.swift */; };
/* End PBXBuildFile section */

/* Begin PBXFileReference section */
		97DAF3FB23DB4E4600F1BF1F /* MovieSearch.app */ = {isa = PBXFileReference; explicitFileType = wrapper.application; includeInIndex = 0; path = MovieSearch.app; sourceTree = BUILT_PRODUCTS_DIR; };
		97DAF3FE23DB4E4600F1BF1F /* AppDelegate.swift */ = {isa = PBXFileReference; lastKnownFileType = sourcecode.swift; path = AppDelegate.swift; sourceTree = "<group>"; };
		97DAF40023DB4E4600F1BF1F /* SceneDelegate.swift */ = {isa = PBXFileReference; lastKnownFileType = sourcecode.swift; path = SceneDelegate.swift; sourceTree = "<group>"; };
		97DAF40523DB4E4600F1BF1F /* Base */ = {isa = PBXFileReference; lastKnownFileType = file.storyboard; name = Base; path = Base.lproj/Main.storyboard; sourceTree = "<group>"; };
		97DAF40723DB4E4700F1BF1F /* Assets.xcassets */ = {isa = PBXFileReference; lastKnownFileType = folder.assetcatalog; path = Assets.xcassets; sourceTree = "<group>"; };
		97DAF40A23DB4E4700F1BF1F /* Base */ = {isa = PBXFileReference; lastKnownFileType = file.storyboard; name = Base; path = Base.lproj/LaunchScreen.storyboard; sourceTree = "<group>"; };
		97DAF40C23DB4E4700F1BF1F /* Info.plist */ = {isa = PBXFileReference; lastKnownFileType = text.plist.xml; path = Info.plist; sourceTree = "<group>"; };
		97DAF41923DB507400F1BF1F /* Movie.swift */ = {isa = PBXFileReference; lastKnownFileType = sourcecode.swift; path = Movie.swift; sourceTree = "<group>"; };
		97DAF41B23DB515100F1BF1F /* MovieController.swift */ = {isa = PBXFileReference; lastKnownFileType = sourcecode.swift; path = MovieController.swift; sourceTree = "<group>"; };
		97DAF41D23DB520700F1BF1F /* NetworkError.swift */ = {isa = PBXFileReference; lastKnownFileType = sourcecode.swift; path = NetworkError.swift; sourceTree = "<group>"; };
		97DAF41F23DB58B100F1BF1F /* MovieTableViewController.swift */ = {isa = PBXFileReference; lastKnownFileType = sourcecode.swift; path = MovieTableViewController.swift; sourceTree = "<group>"; };
		97DAF42123DB5C7100F1BF1F /* MovieTableViewCell.swift */ = {isa = PBXFileReference; lastKnownFileType = sourcecode.swift; path = MovieTableViewCell.swift; sourceTree = "<group>"; };
		97DAF42423DB616500F1BF1F /* UIViewControllerExtension.swift */ = {isa = PBXFileReference; lastKnownFileType = sourcecode.swift; path = UIViewControllerExtension.swift; sourceTree = "<group>"; };
		97DAF45923DCEE9200F1BF1F /* MovieDetailViewController.swift */ = {isa = PBXFileReference; lastKnownFileType = sourcecode.swift; path = MovieDetailViewController.swift; sourceTree = "<group>"; };
/* End PBXFileReference section */

/* Begin PBXFrameworksBuildPhase section */
		97DAF3F823DB4E4600F1BF1F /* Frameworks */ = {
			isa = PBXFrameworksBuildPhase;
			buildActionMask = 2147483647;
			files = (
			);
			runOnlyForDeploymentPostprocessing = 0;
		};
/* End PBXFrameworksBuildPhase section */

/* Begin PBXGroup section */
		97DAF3F223DB4E4600F1BF1F = {
			isa = PBXGroup;
			children = (
				97DAF3FD23DB4E4600F1BF1F /* MovieSearch */,
				97DAF3FC23DB4E4600F1BF1F /* Products */,
			);
			sourceTree = "<group>";
		};
		97DAF3FC23DB4E4600F1BF1F /* Products */ = {
			isa = PBXGroup;
			children = (
				97DAF3FB23DB4E4600F1BF1F /* MovieSearch.app */,
			);
			name = Products;
			sourceTree = "<group>";
		};
		97DAF3FD23DB4E4600F1BF1F /* MovieSearch */ = {
			isa = PBXGroup;
			children = (
				97DAF42323DB615600F1BF1F /* Helper */,
				97DAF41323DB502900F1BF1F /* Models */,
				97DAF41523DB503700F1BF1F /* Views */,
				97DAF41423DB502E00F1BF1F /* Controllers */,
				97DAF41223DB500600F1BF1F /* Resources */,
			);
			path = MovieSearch;
			sourceTree = "<group>";
		};
		97DAF41223DB500600F1BF1F /* Resources */ = {
			isa = PBXGroup;
			children = (
				97DAF3FE23DB4E4600F1BF1F /* AppDelegate.swift */,
				97DAF40023DB4E4600F1BF1F /* SceneDelegate.swift */,
				97DAF40723DB4E4700F1BF1F /* Assets.xcassets */,
				97DAF40923DB4E4700F1BF1F /* LaunchScreen.storyboard */,
				97DAF40C23DB4E4700F1BF1F /* Info.plist */,
			);
			path = Resources;
			sourceTree = "<group>";
		};
		97DAF41323DB502900F1BF1F /* Models */ = {
			isa = PBXGroup;
			children = (
				97DAF41923DB507400F1BF1F /* Movie.swift */,
			);
			path = Models;
			sourceTree = "<group>";
		};
		97DAF41423DB502E00F1BF1F /* Controllers */ = {
			isa = PBXGroup;
			children = (
				97DAF41823DB504800F1BF1F /* Model Controllers */,
				97DAF41723DB504200F1BF1F /* View Controllers */,
			);
			path = Controllers;
			sourceTree = "<group>";
		};
		97DAF41523DB503700F1BF1F /* Views */ = {
			isa = PBXGroup;
			children = (
				97DAF40423DB4E4600F1BF1F /* Main.storyboard */,
				97DAF41623DB503C00F1BF1F /* Custom Views */,
			);
			path = Views;
			sourceTree = "<group>";
		};
		97DAF41623DB503C00F1BF1F /* Custom Views */ = {
			isa = PBXGroup;
			children = (
				97DAF42123DB5C7100F1BF1F /* MovieTableViewCell.swift */,
			);
			path = "Custom Views";
			sourceTree = "<group>";
		};
		97DAF41723DB504200F1BF1F /* View Controllers */ = {
			isa = PBXGroup;
			children = (
				97DAF41F23DB58B100F1BF1F /* MovieTableViewController.swift */,
				97DAF45923DCEE9200F1BF1F /* MovieDetailViewController.swift */,
			);
			path = "View Controllers";
			sourceTree = "<group>";
		};
		97DAF41823DB504800F1BF1F /* Model Controllers */ = {
			isa = PBXGroup;
			children = (
				97DAF41B23DB515100F1BF1F /* MovieController.swift */,
				97DAF41D23DB520700F1BF1F /* NetworkError.swift */,
			);
			path = "Model Controllers";
			sourceTree = "<group>";
		};
		97DAF42323DB615600F1BF1F /* Helper */ = {
			isa = PBXGroup;
			children = (
				97DAF42423DB616500F1BF1F /* UIViewControllerExtension.swift */,
			);
			path = Helper;
			sourceTree = "<group>";
		};
/* End PBXGroup section */

/* Begin PBXNativeTarget section */
		97DAF3FA23DB4E4600F1BF1F /* MovieSearch */ = {
			isa = PBXNativeTarget;
			buildConfigurationList = 97DAF40F23DB4E4700F1BF1F /* Build configuration list for PBXNativeTarget "MovieSearch" */;
			buildPhases = (
				97DAF3F723DB4E4600F1BF1F /* Sources */,
				97DAF3F823DB4E4600F1BF1F /* Frameworks */,
				97DAF3F923DB4E4600F1BF1F /* Resources */,
			);
			buildRules = (
			);
			dependencies = (
			);
			name = MovieSearch;
			productName = MovieSearch;
			productReference = 97DAF3FB23DB4E4600F1BF1F /* MovieSearch.app */;
			productType = "com.apple.product-type.application";
		};
/* End PBXNativeTarget section */

/* Begin PBXProject section */
		97DAF3F323DB4E4600F1BF1F /* Project object */ = {
			isa = PBXProject;
			attributes = {
				LastSwiftUpdateCheck = 1130;
				LastUpgradeCheck = 1130;
				ORGANIZATIONNAME = "Poff Daddy";
				TargetAttributes = {
					97DAF3FA23DB4E4600F1BF1F = {
						CreatedOnToolsVersion = 11.3.1;
					};
				};
			};
			buildConfigurationList = 97DAF3F623DB4E4600F1BF1F /* Build configuration list for PBXProject "MovieSearch" */;
			compatibilityVersion = "Xcode 9.3";
			developmentRegion = en;
			hasScannedForEncodings = 0;
			knownRegions = (
				en,
				Base,
			);
			mainGroup = 97DAF3F223DB4E4600F1BF1F;
			productRefGroup = 97DAF3FC23DB4E4600F1BF1F /* Products */;
			projectDirPath = "";
			projectRoot = "";
			targets = (
				97DAF3FA23DB4E4600F1BF1F /* MovieSearch */,
			);
		};
/* End PBXProject section */

/* Begin PBXResourcesBuildPhase section */
		97DAF3F923DB4E4600F1BF1F /* Resources */ = {
			isa = PBXResourcesBuildPhase;
			buildActionMask = 2147483647;
			files = (
				97DAF40B23DB4E4700F1BF1F /* LaunchScreen.storyboard in Resources */,
				97DAF40823DB4E4700F1BF1F /* Assets.xcassets in Resources */,
				97DAF40623DB4E4600F1BF1F /* Main.storyboard in Resources */,
			);
			runOnlyForDeploymentPostprocessing = 0;
		};
/* End PBXResourcesBuildPhase section */

/* Begin PBXSourcesBuildPhase section */
		97DAF3F723DB4E4600F1BF1F /* Sources */ = {
			isa = PBXSourcesBuildPhase;
			buildActionMask = 2147483647;
			files = (
				97DAF41C23DB515100F1BF1F /* MovieController.swift in Sources */,
				97DAF3FF23DB4E4600F1BF1F /* AppDelegate.swift in Sources */,
				97DAF42223DB5C7100F1BF1F /* MovieTableViewCell.swift in Sources */,
				97DAF42023DB58B100F1BF1F /* MovieTableViewController.swift in Sources */,
				97DAF42523DB616500F1BF1F /* UIViewControllerExtension.swift in Sources */,
				97DAF40123DB4E4600F1BF1F /* SceneDelegate.swift in Sources */,
				97DAF41A23DB507400F1BF1F /* Movie.swift in Sources */,
				97DAF45A23DCEE9200F1BF1F /* MovieDetailViewController.swift in Sources */,
				97DAF41E23DB520700F1BF1F /* NetworkError.swift in Sources */,
			);
			runOnlyForDeploymentPostprocessing = 0;
		};
/* End PBXSourcesBuildPhase section */

/* Begin PBXVariantGroup section */
		97DAF40423DB4E4600F1BF1F /* Main.storyboard */ = {
			isa = PBXVariantGroup;
			children = (
				97DAF40523DB4E4600F1BF1F /* Base */,
			);
			name = Main.storyboard;
			sourceTree = "<group>";
		};
		97DAF40923DB4E4700F1BF1F /* LaunchScreen.storyboard */ = {
			isa = PBXVariantGroup;
			children = (
				97DAF40A23DB4E4700F1BF1F /* Base */,
			);
			name = LaunchScreen.storyboard;
			sourceTree = "<group>";
		};
/* End PBXVariantGroup section */

/* Begin XCBuildConfiguration section */
		97DAF40D23DB4E4700F1BF1F /* Debug */ = {
			isa = XCBuildConfiguration;
			buildSettings = {
				ALWAYS_SEARCH_USER_PATHS = NO;
				CLANG_ANALYZER_NONNULL = YES;
				CLANG_ANALYZER_NUMBER_OBJECT_CONVERSION = YES_AGGRESSIVE;
				CLANG_CXX_LANGUAGE_STANDARD = "gnu++14";
				CLANG_CXX_LIBRARY = "libc++";
				CLANG_ENABLE_MODULES = YES;
				CLANG_ENABLE_OBJC_ARC = YES;
				CLANG_ENABLE_OBJC_WEAK = YES;
				CLANG_WARN_BLOCK_CAPTURE_AUTORELEASING = YES;
				CLANG_WARN_BOOL_CONVERSION = YES;
				CLANG_WARN_COMMA = YES;
				CLANG_WARN_CONSTANT_CONVERSION = YES;
				CLANG_WARN_DEPRECATED_OBJC_IMPLEMENTATIONS = YES;
				CLANG_WARN_DIRECT_OBJC_ISA_USAGE = YES_ERROR;
				CLANG_WARN_DOCUMENTATION_COMMENTS = YES;
				CLANG_WARN_EMPTY_BODY = YES;
				CLANG_WARN_ENUM_CONVERSION = YES;
				CLANG_WARN_INFINITE_RECURSION = YES;
				CLANG_WARN_INT_CONVERSION = YES;
				CLANG_WARN_NON_LITERAL_NULL_CONVERSION = YES;
				CLANG_WARN_OBJC_IMPLICIT_RETAIN_SELF = YES;
				CLANG_WARN_OBJC_LITERAL_CONVERSION = YES;
				CLANG_WARN_OBJC_ROOT_CLASS = YES_ERROR;
				CLANG_WARN_RANGE_LOOP_ANALYSIS = YES;
				CLANG_WARN_STRICT_PROTOTYPES = YES;
				CLANG_WARN_SUSPICIOUS_MOVE = YES;
				CLANG_WARN_UNGUARDED_AVAILABILITY = YES_AGGRESSIVE;
				CLANG_WARN_UNREACHABLE_CODE = YES;
				CLANG_WARN__DUPLICATE_METHOD_MATCH = YES;
				COPY_PHASE_STRIP = NO;
				DEBUG_INFORMATION_FORMAT = dwarf;
				ENABLE_STRICT_OBJC_MSGSEND = YES;
				ENABLE_TESTABILITY = YES;
				GCC_C_LANGUAGE_STANDARD = gnu11;
				GCC_DYNAMIC_NO_PIC = NO;
				GCC_NO_COMMON_BLOCKS = YES;
				GCC_OPTIMIZATION_LEVEL = 0;
				GCC_PREPROCESSOR_DEFINITIONS = (
					"DEBUG=1",
					"$(inherited)",
				);
				GCC_WARN_64_TO_32_BIT_CONVERSION = YES;
				GCC_WARN_ABOUT_RETURN_TYPE = YES_ERROR;
				GCC_WARN_UNDECLARED_SELECTOR = YES;
				GCC_WARN_UNINITIALIZED_AUTOS = YES_AGGRESSIVE;
				GCC_WARN_UNUSED_FUNCTION = YES;
				GCC_WARN_UNUSED_VARIABLE = YES;
				IPHONEOS_DEPLOYMENT_TARGET = 13.2;
				MTL_ENABLE_DEBUG_INFO = INCLUDE_SOURCE;
				MTL_FAST_MATH = YES;
				ONLY_ACTIVE_ARCH = YES;
				SDKROOT = iphoneos;
				SWIFT_ACTIVE_COMPILATION_CONDITIONS = DEBUG;
				SWIFT_OPTIMIZATION_LEVEL = "-Onone";
			};
			name = Debug;
		};
		97DAF40E23DB4E4700F1BF1F /* Release */ = {
			isa = XCBuildConfiguration;
			buildSettings = {
				ALWAYS_SEARCH_USER_PATHS = NO;
				CLANG_ANALYZER_NONNULL = YES;
				CLANG_ANALYZER_NUMBER_OBJECT_CONVERSION = YES_AGGRESSIVE;
				CLANG_CXX_LANGUAGE_STANDARD = "gnu++14";
				CLANG_CXX_LIBRARY = "libc++";
				CLANG_ENABLE_MODULES = YES;
				CLANG_ENABLE_OBJC_ARC = YES;
				CLANG_ENABLE_OBJC_WEAK = YES;
				CLANG_WARN_BLOCK_CAPTURE_AUTORELEASING = YES;
				CLANG_WARN_BOOL_CONVERSION = YES;
				CLANG_WARN_COMMA = YES;
				CLANG_WARN_CONSTANT_CONVERSION = YES;
				CLANG_WARN_DEPRECATED_OBJC_IMPLEMENTATIONS = YES;
				CLANG_WARN_DIRECT_OBJC_ISA_USAGE = YES_ERROR;
				CLANG_WARN_DOCUMENTATION_COMMENTS = YES;
				CLANG_WARN_EMPTY_BODY = YES;
				CLANG_WARN_ENUM_CONVERSION = YES;
				CLANG_WARN_INFINITE_RECURSION = YES;
				CLANG_WARN_INT_CONVERSION = YES;
				CLANG_WARN_NON_LITERAL_NULL_CONVERSION = YES;
				CLANG_WARN_OBJC_IMPLICIT_RETAIN_SELF = YES;
				CLANG_WARN_OBJC_LITERAL_CONVERSION = YES;
				CLANG_WARN_OBJC_ROOT_CLASS = YES_ERROR;
				CLANG_WARN_RANGE_LOOP_ANALYSIS = YES;
				CLANG_WARN_STRICT_PROTOTYPES = YES;
				CLANG_WARN_SUSPICIOUS_MOVE = YES;
				CLANG_WARN_UNGUARDED_AVAILABILITY = YES_AGGRESSIVE;
				CLANG_WARN_UNREACHABLE_CODE = YES;
				CLANG_WARN__DUPLICATE_METHOD_MATCH = YES;
				COPY_PHASE_STRIP = NO;
				DEBUG_INFORMATION_FORMAT = "dwarf-with-dsym";
				ENABLE_NS_ASSERTIONS = NO;
				ENABLE_STRICT_OBJC_MSGSEND = YES;
				GCC_C_LANGUAGE_STANDARD = gnu11;
				GCC_NO_COMMON_BLOCKS = YES;
				GCC_WARN_64_TO_32_BIT_CONVERSION = YES;
				GCC_WARN_ABOUT_RETURN_TYPE = YES_ERROR;
				GCC_WARN_UNDECLARED_SELECTOR = YES;
				GCC_WARN_UNINITIALIZED_AUTOS = YES_AGGRESSIVE;
				GCC_WARN_UNUSED_FUNCTION = YES;
				GCC_WARN_UNUSED_VARIABLE = YES;
				IPHONEOS_DEPLOYMENT_TARGET = 13.2;
				MTL_ENABLE_DEBUG_INFO = NO;
				MTL_FAST_MATH = YES;
				SDKROOT = iphoneos;
				SWIFT_COMPILATION_MODE = wholemodule;
				SWIFT_OPTIMIZATION_LEVEL = "-O";
				VALIDATE_PRODUCT = YES;
			};
			name = Release;
		};
		97DAF41023DB4E4700F1BF1F /* Debug */ = {
			isa = XCBuildConfiguration;
			buildSettings = {
				ASSETCATALOG_COMPILER_APPICON_NAME = AppIcon;
				CODE_SIGN_STYLE = Automatic;
				DEVELOPMENT_TEAM = V4L99CL288;
				INFOPLIST_FILE = MovieSearch/Resources/Info.plist;
				LD_RUNPATH_SEARCH_PATHS = (
					"$(inherited)",
					"@executable_path/Frameworks",
				);
				PRODUCT_BUNDLE_IDENTIFIER = "Max-Poff.MovieSearch";
				PRODUCT_NAME = "$(TARGET_NAME)";
				SWIFT_VERSION = 5.0;
				TARGETED_DEVICE_FAMILY = "1,2";
			};
			name = Debug;
		};
		97DAF41123DB4E4700F1BF1F /* Release */ = {
			isa = XCBuildConfiguration;
			buildSettings = {
				ASSETCATALOG_COMPILER_APPICON_NAME = AppIcon;
				CODE_SIGN_STYLE = Automatic;
				DEVELOPMENT_TEAM = V4L99CL288;
				INFOPLIST_FILE = MovieSearch/Resources/Info.plist;
				LD_RUNPATH_SEARCH_PATHS = (
					"$(inherited)",
					"@executable_path/Frameworks",
				);
				PRODUCT_BUNDLE_IDENTIFIER = "Max-Poff.MovieSearch";
				PRODUCT_NAME = "$(TARGET_NAME)";
				SWIFT_VERSION = 5.0;
				TARGETED_DEVICE_FAMILY = "1,2";
			};
			name = Release;
		};
/* End XCBuildConfiguration section */

/* Begin XCConfigurationList section */
		97DAF3F623DB4E4600F1BF1F /* Build configuration list for PBXProject "MovieSearch" */ = {
			isa = XCConfigurationList;
			buildConfigurations = (
				97DAF40D23DB4E4700F1BF1F /* Debug */,
				97DAF40E23DB4E4700F1BF1F /* Release */,
			);
			defaultConfigurationIsVisible = 0;
			defaultConfigurationName = Release;
		};
		97DAF40F23DB4E4700F1BF1F /* Build configuration list for PBXNativeTarget "MovieSearch" */ = {
			isa = XCConfigurationList;
			buildConfigurations = (
				97DAF41023DB4E4700F1BF1F /* Debug */,
				97DAF41123DB4E4700F1BF1F /* Release */,
			);
			defaultConfigurationIsVisible = 0;
			defaultConfigurationName = Release;
		};
/* End XCConfigurationList section */
	};
	rootObject = 97DAF3F323DB4E4600F1BF1F /* Project object */;
}
